schema: '2.0'
stages:
  data_ingestion:
    cmd: python src/data_ingestion.py
    deps:
    - path: src/data_ingestion.py
      hash: md5
      md5: 8c1cc4a99fdfe72f0c39ad62bd456868
      size: 929
    outs:
    - path: data/raw/churn.csv
      hash: md5
      md5: 8cac3095fcf1fdc5d276164ba877e721
      size: 971241
  preprocessing:
    cmd: python src/preprocessing.py
    deps:
    - path: data/raw/churn.csv
      hash: md5
      md5: 8cac3095fcf1fdc5d276164ba877e721
      size: 971241
    - path: src/preprocessing.py
      hash: md5
      md5: f398935dfcf9f33578340d68e794c4e3
      size: 4584
    params:
      params.yaml:
        data.random_state: 45
        data.test_size: 0.2
    outs:
    - path: data/processed/
      hash: md5
      md5: 39b21dc68c2c10cc97f672c68a2d4f77.dir
      size: 2268114
      nfiles: 4
    - path: data_&_model/preprocessor.pkl
      hash: md5
      md5: 13e443d66dce94acc8a8fc62ed9ed666
      size: 3800
  train:
    cmd: python src/train.py
    deps:
    - path: data/processed/
      hash: md5
      md5: 39b21dc68c2c10cc97f672c68a2d4f77.dir
      size: 2268114
      nfiles: 4
    - path: src/train.py
      hash: md5
      md5: 4746b2c40553db20a8eda9cbaa9fe46a
      size: 10449
    params:
      params.yaml:
        model.lr_max_iter: 1000
        model.random_state: 45
        model.rf_n_estimators: 300
        model.scale_pos_weight: 2.77
        model.xgb_colsample: 0.8
        model.xgb_lr: 0.05
        model.xgb_max_depth: 5
        model.xgb_n_estimators: 400
        model.xgb_subsample: 0.8
  best_model:
    cmd: python src/best_model.py
    deps:
    - path: src/best_model.py
      hash: md5
      md5: c9928686a5c3d7dcb36f6548a87a5af8
      size: 2411
