schema: '2.0'
stages:
  data_ingestion:
    cmd: python src/data_ingestion.py
    deps:
    - path: src/data_ingestion.py
      hash: md5
      md5: 0deb2b5e46af5f700d5f3019c4c7fbad
      size: 967
    outs:
    - path: data/raw/churn.csv
      hash: md5
      md5: 7f07de26b054de4c36eed95a1277fe21
      size: 978285
  preprocessing:
    cmd: python src/preprocessing.py
    deps:
    - path: data/raw/churn.csv
      hash: md5
      md5: 7f07de26b054de4c36eed95a1277fe21
      size: 978285
    - path: src/preprocessing.py
      hash: md5
      md5: da84cb09f628652e04dca2c73fd54773
      size: 4340
    params:
      params.yaml:
        data.random_state: 42
        data.test_size: 0.2
    outs:
    - path: data/processed/
      hash: md5
      md5: 1959757843b87d55cf87db7a443d85d8.dir
      size: 2275159
      nfiles: 4
    - path: data_&_model/preprocessor.pkl
      hash: md5
      md5: 0538c91e5f363a9486762cedad9322d9
      size: 3731
  train:
    cmd: python src/train.py
    deps:
    - path: data/processed/
      hash: md5
      md5: 1959757843b87d55cf87db7a443d85d8.dir
      size: 2275159
      nfiles: 4
    - path: src/train.py
      hash: md5
      md5: 82899d1708d13024094741e336797d25
      size: 5925
    params:
      params.yaml:
        model.lr_max_iter: 1000
        model.random_state: 42
        model.rf_n_estimators: 300
        model.scale_pos_weight: 2.77
        model.xgb_colsample: 0.8
        model.xgb_lr: 0.05
        model.xgb_max_depth: 5
        model.xgb_n_estimators: 400
        model.xgb_subsample: 0.8
  best_model:
    cmd: python src/best_model.py
    deps:
    - path: src/best_model.py
      hash: md5
      md5: 99c9f7d03e5d491dce6f7dbc6227859f
      size: 2466
