schema: '2.0'
stages:
  data_ingestion:
    cmd: python src/data_ingestion.py
    deps:
    - path: src/data_ingestion.py
      hash: md5
      md5: 8c1cc4a99fdfe72f0c39ad62bd456868
      size: 929
    outs:
    - path: data/raw/churn.csv
      hash: md5
      md5: 8cac3095fcf1fdc5d276164ba877e721
      size: 971241
  preprocessing:
    cmd: python src/preprocessing.py
    deps:
    - path: data/raw/churn.csv
      hash: md5
      md5: 8cac3095fcf1fdc5d276164ba877e721
      size: 971241
    - path: src/preprocessing.py
      hash: md5
      md5: f398935dfcf9f33578340d68e794c4e3
      size: 4584
    params:
      params.yaml:
        data.random_state: 50
        data.test_size: 0.2
    outs:
    - path: data/processed/
      hash: md5
      md5: 328b8eda0f35606c190693327386424b.dir
      size: 2268114
      nfiles: 4
    - path: data_&_model/preprocessor.pkl
      hash: md5
      md5: 13e443d66dce94acc8a8fc62ed9ed666
      size: 3800
  train:
    cmd: python src/train.py
    deps:
    - path: data/processed/
      hash: md5
      md5: 328b8eda0f35606c190693327386424b.dir
      size: 2268114
      nfiles: 4
    - path: src/train.py
      hash: md5
      md5: 4746b2c40553db20a8eda9cbaa9fe46a
      size: 10449
    params:
      params.yaml:
        model.lr_max_iter: 1000
        model.random_state: 50
        model.rf_n_estimators: 320
        model.scale_pos_weight: 2.77
        model.xgb_colsample: 0.8
        model.xgb_lr: 0.05
        model.xgb_max_depth: 5
        model.xgb_n_estimators: 500
        model.xgb_subsample: 0.8
  best_model:
    cmd: python src/best_model.py
    deps:
    - path: src/best_model.py
      hash: md5
      md5: 3231f10e5f3a7bed2749b88c0515452d
      size: 3051
    params:
      params.yaml:
        model:
          random_state: 50
          scale_pos_weight: 2.77
          lr_max_iter: 1000
          rf_n_estimators: 320
          xgb_n_estimators: 500
          xgb_max_depth: 5
          xgb_lr: 0.05
          xgb_subsample: 0.8
          xgb_colsample: 0.8
    outs:
    - path: data_&_model/best_model
      hash: md5
      md5: ec5b3aebeb1fc84d5d079d0f00e065f0.dir
      size: 2052
      nfiles: 5
